// !$*UTF8*$!
{
	archiveVersion = 1;
	classes = {
	};
	objectVersion = 46;
	objects = {

/* Begin PBXBuildFile section */
		270EA1ED1443C1AD0000AEA9 /* SavedTestRun.m in Sources */ = {isa = PBXBuildFile; fileRef = 270EA1EC1443C1AD0000AEA9 /* SavedTestRun.m */; };
		27170A4B1444E4020049E6E4 /* CouchbaseStartupTest.m in Sources */ = {isa = PBXBuildFile; fileRef = 27170A4A1444E4020049E6E4 /* CouchbaseStartupTest.m */; };
		27170A531445076C0049E6E4 /* Default.png in Resources */ = {isa = PBXBuildFile; fileRef = 27170A521445076C0049E6E4 /* Default.png */; };
		27A07488143CCDCD0043BEB6 /* BeeCouchTest.m in Sources */ = {isa = PBXBuildFile; fileRef = 27A07487143CCDCD0043BEB6 /* BeeCouchTest.m */; };
		27A0748C143CDE6B0043BEB6 /* CreateDocsTest.m in Sources */ = {isa = PBXBuildFile; fileRef = 27A0748B143CDE6B0043BEB6 /* CreateDocsTest.m */; };
		27A37423143E5E85005A577D /* Icon.png in Resources */ = {isa = PBXBuildFile; fileRef = 27A37421143E5E85005A577D /* Icon.png */; };
		27A37424143E5E85005A577D /* Icon@2x.png in Resources */ = {isa = PBXBuildFile; fileRef = 27A37422143E5E85005A577D /* Icon@2x.png */; };
		27B28FA614314FB800B86F18 /* UIKit.framework in Frameworks */ = {isa = PBXBuildFile; fileRef = 27B28FA514314FB800B86F18 /* UIKit.framework */; };
		27B28FA814314FB800B86F18 /* Foundation.framework in Frameworks */ = {isa = PBXBuildFile; fileRef = 27B28FA714314FB800B86F18 /* Foundation.framework */; };
		27B28FAA14314FB800B86F18 /* CoreGraphics.framework in Frameworks */ = {isa = PBXBuildFile; fileRef = 27B28FA914314FB800B86F18 /* CoreGraphics.framework */; };
		27B28FB014314FB800B86F18 /* InfoPlist.strings in Resources */ = {isa = PBXBuildFile; fileRef = 27B28FAE14314FB800B86F18 /* InfoPlist.strings */; };
		27B28FB214314FB800B86F18 /* main.m in Sources */ = {isa = PBXBuildFile; fileRef = 27B28FB114314FB800B86F18 /* main.m */; };
		27B28FB614314FB800B86F18 /* AppDelegate.m in Sources */ = {isa = PBXBuildFile; fileRef = 27B28FB514314FB800B86F18 /* AppDelegate.m */; };
		27B28FD91431516600B86F18 /* Couchbase.framework in Frameworks */ = {isa = PBXBuildFile; fileRef = 27B28FD81431516600B86F18 /* Couchbase.framework */; };
		27B28FDC1431517600B86F18 /* CouchCocoa.framework in Frameworks */ = {isa = PBXBuildFile; fileRef = 27B28FDB1431517600B86F18 /* CouchCocoa.framework */; };
		27B28FDF1431549200B86F18 /* Security.framework in Frameworks */ = {isa = PBXBuildFile; fileRef = 27B28FDE1431549200B86F18 /* Security.framework */; };
		27B28FE11431549E00B86F18 /* libz.dylib in Frameworks */ = {isa = PBXBuildFile; fileRef = 27B28FE01431549E00B86F18 /* libz.dylib */; };
		27B28FE3143154B700B86F18 /* libstdc++.dylib in Frameworks */ = {isa = PBXBuildFile; fileRef = 27B28FE2143154B700B86F18 /* libstdc++.dylib */; };
		27B28FEB1431552800B86F18 /* CouchbaseResources in Resources */ = {isa = PBXBuildFile; fileRef = 27B28FEA1431552800B86F18 /* CouchbaseResources */; };
		27CB6560143B91DD00EEA1F2 /* Application.xib in Resources */ = {isa = PBXBuildFile; fileRef = 27CB655F143B91DD00EEA1F2 /* Application.xib */; };
		27CB6566143B997A00EEA1F2 /* TestListController.m in Sources */ = {isa = PBXBuildFile; fileRef = 27CB6564143B997900EEA1F2 /* TestListController.m */; };
		27CB6567143B997A00EEA1F2 /* TestListController.xib in Resources */ = {isa = PBXBuildFile; fileRef = 27CB6565143B997900EEA1F2 /* TestListController.xib */; };
		27CB656A143B9B7E00EEA1F2 /* BeeTest.m in Sources */ = {isa = PBXBuildFile; fileRef = 27CB6569143B9B7E00EEA1F2 /* BeeTest.m */; };
		27CB656D143B9EB900EEA1F2 /* CountTest.m in Sources */ = {isa = PBXBuildFile; fileRef = 27CB656C143B9EB800EEA1F2 /* CountTest.m */; };
		27CB6576143BAA2F00EEA1F2 /* BeeTestController.m in Sources */ = {isa = PBXBuildFile; fileRef = 27CB6574143BAA2E00EEA1F2 /* BeeTestController.m */; };
		27CB6577143BAA2F00EEA1F2 /* BeeTestController.xib in Resources */ = {isa = PBXBuildFile; fileRef = 27CB6575143BAA2F00EEA1F2 /* BeeTestController.xib */; };
		27DB17F2143BB3A800EBA619 /* little_pluses.png in Resources */ = {isa = PBXBuildFile; fileRef = 27DB17F1143BB3A800EBA619 /* little_pluses.png */; };
		27DB17F5143BD36A00EBA619 /* double_lined.png in Resources */ = {isa = PBXBuildFile; fileRef = 27DB17F4143BD36A00EBA619 /* double_lined.png */; };
/* End PBXBuildFile section */

/* Begin PBXFileReference section */
		270EA1EB1443C1AD0000AEA9 /* SavedTestRun.h */ = {isa = PBXFileReference; fileEncoding = 4; lastKnownFileType = sourcecode.c.h; path = SavedTestRun.h; sourceTree = "<group>"; };
		270EA1EC1443C1AD0000AEA9 /* SavedTestRun.m */ = {isa = PBXFileReference; fileEncoding = 4; lastKnownFileType = sourcecode.c.objc; path = SavedTestRun.m; sourceTree = "<group>"; };
		27170A491444E4020049E6E4 /* CouchbaseStartupTest.h */ = {isa = PBXFileReference; fileEncoding = 4; lastKnownFileType = sourcecode.c.h; path = CouchbaseStartupTest.h; sourceTree = "<group>"; };
		27170A4A1444E4020049E6E4 /* CouchbaseStartupTest.m */ = {isa = PBXFileReference; fileEncoding = 4; lastKnownFileType = sourcecode.c.objc; path = CouchbaseStartupTest.m; sourceTree = "<group>"; };
		27170A521445076C0049E6E4 /* Default.png */ = {isa = PBXFileReference; lastKnownFileType = image.png; name = Default.png; path = ../Default.png; sourceTree = "<group>"; };
		27A07486143CCDCD0043BEB6 /* BeeCouchTest.h */ = {isa = PBXFileReference; fileEncoding = 4; lastKnownFileType = sourcecode.c.h; path = BeeCouchTest.h; sourceTree = "<group>"; };
		27A07487143CCDCD0043BEB6 /* BeeCouchTest.m */ = {isa = PBXFileReference; fileEncoding = 4; lastKnownFileType = sourcecode.c.objc; path = BeeCouchTest.m; sourceTree = "<group>"; };
		27A0748A143CDE6B0043BEB6 /* CreateDocsTest.h */ = {isa = PBXFileReference; fileEncoding = 4; lastKnownFileType = sourcecode.c.h; path = CreateDocsTest.h; sourceTree = "<group>"; };
		27A0748B143CDE6B0043BEB6 /* CreateDocsTest.m */ = {isa = PBXFileReference; fileEncoding = 4; lastKnownFileType = sourcecode.c.objc; path = CreateDocsTest.m; sourceTree = "<group>"; };
		27A37421143E5E85005A577D /* Icon.png */ = {isa = PBXFileReference; lastKnownFileType = image.png; path = Icon.png; sourceTree = "<group>"; };
		27A37422143E5E85005A577D /* Icon@2x.png */ = {isa = PBXFileReference; lastKnownFileType = image.png; path = "Icon@2x.png"; sourceTree = "<group>"; };
		27B28FA114314FB800B86F18 /* Worker Bee.app */ = {isa = PBXFileReference; explicitFileType = wrapper.application; includeInIndex = 0; path = "Worker Bee.app"; sourceTree = BUILT_PRODUCTS_DIR; };
		27B28FA514314FB800B86F18 /* UIKit.framework */ = {isa = PBXFileReference; lastKnownFileType = wrapper.framework; name = UIKit.framework; path = System/Library/Frameworks/UIKit.framework; sourceTree = SDKROOT; };
		27B28FA714314FB800B86F18 /* Foundation.framework */ = {isa = PBXFileReference; lastKnownFileType = wrapper.framework; name = Foundation.framework; path = System/Library/Frameworks/Foundation.framework; sourceTree = SDKROOT; };
		27B28FA914314FB800B86F18 /* CoreGraphics.framework */ = {isa = PBXFileReference; lastKnownFileType = wrapper.framework; name = CoreGraphics.framework; path = System/Library/Frameworks/CoreGraphics.framework; sourceTree = SDKROOT; };
		27B28FAD14314FB800B86F18 /* Info.plist */ = {isa = PBXFileReference; lastKnownFileType = text.plist.xml; path = Info.plist; sourceTree = "<group>"; };
		27B28FAF14314FB800B86F18 /* en */ = {isa = PBXFileReference; lastKnownFileType = text.plist.strings; name = en; path = en.lproj/InfoPlist.strings; sourceTree = "<group>"; };
		27B28FB114314FB800B86F18 /* main.m */ = {isa = PBXFileReference; lastKnownFileType = sourcecode.c.objc; path = main.m; sourceTree = "<group>"; };
		27B28FB314314FB800B86F18 /* Prefix.pch */ = {isa = PBXFileReference; lastKnownFileType = sourcecode.c.h; path = Prefix.pch; sourceTree = "<group>"; };
		27B28FB414314FB800B86F18 /* AppDelegate.h */ = {isa = PBXFileReference; lastKnownFileType = sourcecode.c.h; path = AppDelegate.h; sourceTree = "<group>"; };
		27B28FB514314FB800B86F18 /* AppDelegate.m */ = {isa = PBXFileReference; lastKnownFileType = sourcecode.c.objc; path = AppDelegate.m; sourceTree = "<group>"; };
		27B28FBD14314FB900B86F18 /* SenTestingKit.framework */ = {isa = PBXFileReference; lastKnownFileType = wrapper.framework; name = SenTestingKit.framework; path = Library/Frameworks/SenTestingKit.framework; sourceTree = DEVELOPER_DIR; };
		27B28FD81431516600B86F18 /* Couchbase.framework */ = {isa = PBXFileReference; lastKnownFileType = wrapper.framework; name = Couchbase.framework; path = Frameworks/Couchbase.framework; sourceTree = "<group>"; };
		27B28FDB1431517600B86F18 /* CouchCocoa.framework */ = {isa = PBXFileReference; lastKnownFileType = wrapper.framework; name = CouchCocoa.framework; path = Frameworks/CouchCocoa.framework; sourceTree = "<group>"; };
		27B28FDE1431549200B86F18 /* Security.framework */ = {isa = PBXFileReference; lastKnownFileType = wrapper.framework; name = Security.framework; path = System/Library/Frameworks/Security.framework; sourceTree = SDKROOT; };
		27B28FE01431549E00B86F18 /* libz.dylib */ = {isa = PBXFileReference; lastKnownFileType = "compiled.mach-o.dylib"; name = libz.dylib; path = usr/lib/libz.dylib; sourceTree = SDKROOT; };
		27B28FE2143154B700B86F18 /* libstdc++.dylib */ = {isa = PBXFileReference; lastKnownFileType = "compiled.mach-o.dylib"; name = "libstdc++.dylib"; path = "usr/lib/libstdc++.dylib"; sourceTree = SDKROOT; };
		27B28FEA1431552800B86F18 /* CouchbaseResources */ = {isa = PBXFileReference; lastKnownFileType = folder; name = CouchbaseResources; path = Frameworks/Couchbase.framework/CouchbaseResources; sourceTree = SOURCE_ROOT; };
		27B290061432368E00B86F18 /* README.md */ = {isa = PBXFileReference; lastKnownFileType = text; path = README.md; sourceTree = "<group>"; };
		27CB655F143B91DD00EEA1F2 /* Application.xib */ = {isa = PBXFileReference; fileEncoding = 4; lastKnownFileType = file.xib; path = Application.xib; sourceTree = "<group>"; };
		27CB6563143B997900EEA1F2 /* TestListController.h */ = {isa = PBXFileReference; fileEncoding = 4; lastKnownFileType = sourcecode.c.h; path = TestListController.h; sourceTree = "<group>"; };
		27CB6564143B997900EEA1F2 /* TestListController.m */ = {isa = PBXFileReference; fileEncoding = 4; lastKnownFileType = sourcecode.c.objc; path = TestListController.m; sourceTree = "<group>"; };
		27CB6565143B997900EEA1F2 /* TestListController.xib */ = {isa = PBXFileReference; fileEncoding = 4; lastKnownFileType = file.xib; path = TestListController.xib; sourceTree = "<group>"; };
		27CB6568143B9B7E00EEA1F2 /* BeeTest.h */ = {isa = PBXFileReference; fileEncoding = 4; lastKnownFileType = sourcecode.c.h; path = BeeTest.h; sourceTree = "<group>"; };
		27CB6569143B9B7E00EEA1F2 /* BeeTest.m */ = {isa = PBXFileReference; fileEncoding = 4; lastKnownFileType = sourcecode.c.objc; path = BeeTest.m; sourceTree = "<group>"; };
		27CB656B143B9EB800EEA1F2 /* CountTest.h */ = {isa = PBXFileReference; fileEncoding = 4; lastKnownFileType = sourcecode.c.h; path = CountTest.h; sourceTree = "<group>"; };
		27CB656C143B9EB800EEA1F2 /* CountTest.m */ = {isa = PBXFileReference; fileEncoding = 4; lastKnownFileType = sourcecode.c.objc; path = CountTest.m; sourceTree = "<group>"; };
		27CB6573143BAA2E00EEA1F2 /* BeeTestController.h */ = {isa = PBXFileReference; fileEncoding = 4; lastKnownFileType = sourcecode.c.h; path = BeeTestController.h; sourceTree = "<group>"; };
		27CB6574143BAA2E00EEA1F2 /* BeeTestController.m */ = {isa = PBXFileReference; fileEncoding = 4; lastKnownFileType = sourcecode.c.objc; path = BeeTestController.m; sourceTree = "<group>"; };
		27CB6575143BAA2F00EEA1F2 /* BeeTestController.xib */ = {isa = PBXFileReference; fileEncoding = 4; lastKnownFileType = file.xib; path = BeeTestController.xib; sourceTree = "<group>"; };
		27DB17F1143BB3A800EBA619 /* little_pluses.png */ = {isa = PBXFileReference; lastKnownFileType = image.png; name = little_pluses.png; path = ../App/little_pluses.png; sourceTree = "<group>"; };
		27DB17F4143BD36A00EBA619 /* double_lined.png */ = {isa = PBXFileReference; lastKnownFileType = image.png; name = double_lined.png; path = ../App/double_lined.png; sourceTree = "<group>"; };
/* End PBXFileReference section */

/* Begin PBXFrameworksBuildPhase section */
		27B28F9E14314FB800B86F18 /* Frameworks */ = {
			isa = PBXFrameworksBuildPhase;
			buildActionMask = 2147483647;
			files = (
				27B28FA614314FB800B86F18 /* UIKit.framework in Frameworks */,
				27B28FA814314FB800B86F18 /* Foundation.framework in Frameworks */,
				27B28FAA14314FB800B86F18 /* CoreGraphics.framework in Frameworks */,
				27B28FDC1431517600B86F18 /* CouchCocoa.framework in Frameworks */,
				27B28FD91431516600B86F18 /* Couchbase.framework in Frameworks */,
				27B28FDF1431549200B86F18 /* Security.framework in Frameworks */,
				27B28FE3143154B700B86F18 /* libstdc++.dylib in Frameworks */,
				27B28FE11431549E00B86F18 /* libz.dylib in Frameworks */,
			);
			runOnlyForDeploymentPostprocessing = 0;
		};
/* End PBXFrameworksBuildPhase section */

/* Begin PBXGroup section */
		27A37420143E5E85005A577D /* Resources */ = {
			isa = PBXGroup;
			children = (
				27A37421143E5E85005A577D /* Icon.png */,
				27A37422143E5E85005A577D /* Icon@2x.png */,
				27170A521445076C0049E6E4 /* Default.png */,
				27DB17F4143BD36A00EBA619 /* double_lined.png */,
				27DB17F1143BB3A800EBA619 /* little_pluses.png */,
			);
			path = Resources;
			sourceTree = "<group>";
		};
		27B28F9614314FB800B86F18 = {
			isa = PBXGroup;
			children = (
				27B290061432368E00B86F18 /* README.md */,
				27B28FAB14314FB800B86F18 /* App */,
				27CB656E143B9EC500EEA1F2 /* Tests */,
				27A37420143E5E85005A577D /* Resources */,
				27B28FA414314FB800B86F18 /* Frameworks */,
				27B28FA214314FB800B86F18 /* Products */,
			);
			sourceTree = "<group>";
		};
		27B28FA214314FB800B86F18 /* Products */ = {
			isa = PBXGroup;
			children = (
				27B28FA114314FB800B86F18 /* Worker Bee.app */,
			);
			name = Products;
			sourceTree = "<group>";
		};
		27B28FA414314FB800B86F18 /* Frameworks */ = {
			isa = PBXGroup;
			children = (
				27B28FA514314FB800B86F18 /* UIKit.framework */,
				27B28FA714314FB800B86F18 /* Foundation.framework */,
				27B28FA914314FB800B86F18 /* CoreGraphics.framework */,
				27B28FBD14314FB900B86F18 /* SenTestingKit.framework */,
				27B28FD81431516600B86F18 /* Couchbase.framework */,
				27B28FDB1431517600B86F18 /* CouchCocoa.framework */,
				27B28FE2143154B700B86F18 /* libstdc++.dylib */,
				27B28FE01431549E00B86F18 /* libz.dylib */,
				27B28FDE1431549200B86F18 /* Security.framework */,
			);
			name = Frameworks;
			sourceTree = "<group>";
		};
		27B28FAB14314FB800B86F18 /* App */ = {
			isa = PBXGroup;
			children = (
				27B28FB414314FB800B86F18 /* AppDelegate.h */,
				27B28FB514314FB800B86F18 /* AppDelegate.m */,
				27CB655F143B91DD00EEA1F2 /* Application.xib */,
				27CB6563143B997900EEA1F2 /* TestListController.h */,
				27CB6564143B997900EEA1F2 /* TestListController.m */,
				27CB6565143B997900EEA1F2 /* TestListController.xib */,
				27CB6573143BAA2E00EEA1F2 /* BeeTestController.h */,
				27CB6574143BAA2E00EEA1F2 /* BeeTestController.m */,
				27CB6575143BAA2F00EEA1F2 /* BeeTestController.xib */,
				27CB6568143B9B7E00EEA1F2 /* BeeTest.h */,
				27CB6569143B9B7E00EEA1F2 /* BeeTest.m */,
				27A07486143CCDCD0043BEB6 /* BeeCouchTest.h */,
				27A07487143CCDCD0043BEB6 /* BeeCouchTest.m */,
				270EA1EB1443C1AD0000AEA9 /* SavedTestRun.h */,
				270EA1EC1443C1AD0000AEA9 /* SavedTestRun.m */,
				27B28FAC14314FB800B86F18 /* Supporting Files */,
			);
			path = App;
			sourceTree = "<group>";
		};
		27B28FAC14314FB800B86F18 /* Supporting Files */ = {
			isa = PBXGroup;
			children = (
				27B28FAD14314FB800B86F18 /* Info.plist */,
				27B28FAE14314FB800B86F18 /* InfoPlist.strings */,
				27B28FB114314FB800B86F18 /* main.m */,
				27B28FB314314FB800B86F18 /* Prefix.pch */,
				27B28FEA1431552800B86F18 /* CouchbaseResources */,
			);
			name = "Supporting Files";
			sourceTree = "<group>";
		};
		27CB656E143B9EC500EEA1F2 /* Tests */ = {
			isa = PBXGroup;
			children = (
				27CB656B143B9EB800EEA1F2 /* CountTest.h */,
				27CB656C143B9EB800EEA1F2 /* CountTest.m */,
				27A0748A143CDE6B0043BEB6 /* CreateDocsTest.h */,
				27A0748B143CDE6B0043BEB6 /* CreateDocsTest.m */,
				27170A491444E4020049E6E4 /* CouchbaseStartupTest.h */,
				27170A4A1444E4020049E6E4 /* CouchbaseStartupTest.m */,
			);
			path = Tests;
			sourceTree = "<group>";
		};
/* End PBXGroup section */

/* Begin PBXNativeTarget section */
		27B28FA014314FB800B86F18 /* Worker Bee */ = {
			isa = PBXNativeTarget;
			buildConfigurationList = 27B28FCE14314FB900B86F18 /* Build configuration list for PBXNativeTarget "Worker Bee" */;
			buildPhases = (
				27B28F9D14314FB800B86F18 /* Sources */,
				27B28F9E14314FB800B86F18 /* Frameworks */,
				27B28F9F14314FB800B86F18 /* Resources */,
			);
			buildRules = (
			);
			dependencies = (
			);
			name = "Worker Bee";
			productName = "Empty App";
			productReference = 27B28FA114314FB800B86F18 /* Worker Bee.app */;
			productType = "com.apple.product-type.application";
		};
/* End PBXNativeTarget section */

/* Begin PBXProject section */
		27B28F9814314FB800B86F18 /* Project object */ = {
			isa = PBXProject;
			attributes = {
				LastUpgradeCheck = 0420;
				ORGANIZATIONNAME = "Couchbase, Inc.";
			};
			buildConfigurationList = 27B28F9B14314FB800B86F18 /* Build configuration list for PBXProject "Worker Bee" */;
			compatibilityVersion = "Xcode 3.2";
			developmentRegion = English;
			hasScannedForEncodings = 0;
			knownRegions = (
				en,
			);
			mainGroup = 27B28F9614314FB800B86F18;
			productRefGroup = 27B28FA214314FB800B86F18 /* Products */;
			projectDirPath = "";
			projectRoot = "";
			targets = (
				27B28FA014314FB800B86F18 /* Worker Bee */,
			);
		};
/* End PBXProject section */

/* Begin PBXResourcesBuildPhase section */
		27B28F9F14314FB800B86F18 /* Resources */ = {
			isa = PBXResourcesBuildPhase;
			buildActionMask = 2147483647;
			files = (
				27B28FEB1431552800B86F18 /* CouchbaseResources in Resources */,
				27B28FB014314FB800B86F18 /* InfoPlist.strings in Resources */,
				27CB6560143B91DD00EEA1F2 /* Application.xib in Resources */,
				27CB6567143B997A00EEA1F2 /* TestListController.xib in Resources */,
				27CB6577143BAA2F00EEA1F2 /* BeeTestController.xib in Resources */,
				27DB17F2143BB3A800EBA619 /* little_pluses.png in Resources */,
				27DB17F5143BD36A00EBA619 /* double_lined.png in Resources */,
				27A37423143E5E85005A577D /* Icon.png in Resources */,
				27A37424143E5E85005A577D /* Icon@2x.png in Resources */,
				27170A531445076C0049E6E4 /* Default.png in Resources */,
			);
			runOnlyForDeploymentPostprocessing = 0;
		};
/* End PBXResourcesBuildPhase section */

/* Begin PBXSourcesBuildPhase section */
		27B28F9D14314FB800B86F18 /* Sources */ = {
			isa = PBXSourcesBuildPhase;
			buildActionMask = 2147483647;
			files = (
				27B28FB214314FB800B86F18 /* main.m in Sources */,
				27B28FB614314FB800B86F18 /* AppDelegate.m in Sources */,
				27CB6566143B997A00EEA1F2 /* TestListController.m in Sources */,
				27CB656A143B9B7E00EEA1F2 /* BeeTest.m in Sources */,
				27CB656D143B9EB900EEA1F2 /* CountTest.m in Sources */,
				27CB6576143BAA2F00EEA1F2 /* BeeTestController.m in Sources */,
				27A07488143CCDCD0043BEB6 /* BeeCouchTest.m in Sources */,
				27A0748C143CDE6B0043BEB6 /* CreateDocsTest.m in Sources */,
				270EA1ED1443C1AD0000AEA9 /* SavedTestRun.m in Sources */,
				27170A4B1444E4020049E6E4 /* CouchbaseStartupTest.m in Sources */,
			);
			runOnlyForDeploymentPostprocessing = 0;
		};
/* End PBXSourcesBuildPhase section */

/* Begin PBXVariantGroup section */
		27B28FAE14314FB800B86F18 /* InfoPlist.strings */ = {
			isa = PBXVariantGroup;
			children = (
				27B28FAF14314FB800B86F18 /* en */,
			);
			name = InfoPlist.strings;
			sourceTree = "<group>";
		};
/* End PBXVariantGroup section */

/* Begin XCBuildConfiguration section */
		27B28FCC14314FB900B86F18 /* Debug */ = {
			isa = XCBuildConfiguration;
			buildSettings = {
				ALWAYS_SEARCH_USER_PATHS = NO;
				ARCHS = "$(ARCHS_STANDARD_32_BIT)";
				"CODE_SIGN_IDENTITY[sdk=iphoneos*]" = "iPhone Developer";
				COPY_PHASE_STRIP = NO;
				GCC_C_LANGUAGE_STANDARD = gnu99;
				GCC_DYNAMIC_NO_PIC = NO;
				GCC_OPTIMIZATION_LEVEL = 0;
				GCC_PREPROCESSOR_DEFINITIONS = (
					"DEBUG=1",
					"$(inherited)",
				);
				GCC_SYMBOLS_PRIVATE_EXTERN = NO;
				GCC_TREAT_WARNINGS_AS_ERRORS = YES;
				GCC_VERSION = com.apple.compilers.llvm.clang.1_0;
				GCC_WARN_ABOUT_MISSING_PROTOTYPES = YES;
				GCC_WARN_ABOUT_RETURN_TYPE = YES;
				GCC_WARN_UNUSED_VARIABLE = YES;
				IPHONEOS_DEPLOYMENT_TARGET = 4.3;
				SDKROOT = iphoneos;
				TARGETED_DEVICE_FAMILY = "1,2";
			};
			name = Debug;
		};
		27B28FCD14314FB900B86F18 /* Release */ = {
			isa = XCBuildConfiguration;
			buildSettings = {
				ALWAYS_SEARCH_USER_PATHS = NO;
				ARCHS = "$(ARCHS_STANDARD_32_BIT)";
				"CODE_SIGN_IDENTITY[sdk=iphoneos*]" = "iPhone Distribution: CouchOne";
				COPY_PHASE_STRIP = YES;
				GCC_C_LANGUAGE_STANDARD = gnu99;
				GCC_TREAT_WARNINGS_AS_ERRORS = YES;
				GCC_VERSION = com.apple.compilers.llvm.clang.1_0;
				GCC_WARN_ABOUT_MISSING_PROTOTYPES = YES;
				GCC_WARN_ABOUT_RETURN_TYPE = YES;
				GCC_WARN_UNUSED_VARIABLE = YES;
				IPHONEOS_DEPLOYMENT_TARGET = 4.3;
				OTHER_CFLAGS = "-DNS_BLOCK_ASSERTIONS=1";
				"PROVISIONING_PROFILE[sdk=iphoneos*]" = "0EEF46DF-9D93-4ED4-A25A-584E1CCE619A";
				SDKROOT = iphoneos;
				TARGETED_DEVICE_FAMILY = "1,2";
				VALIDATE_PRODUCT = YES;
			};
			name = Release;
		};
		27B28FCF14314FB900B86F18 /* Debug */ = {
			isa = XCBuildConfiguration;
			buildSettings = {
				CURRENT_PROJECT_VERSION = 103;
				FRAMEWORK_SEARCH_PATHS = (
					"$(inherited)",
					"\"$(SRCROOT)/Frameworks\"",
				);
				GCC_PRECOMPILE_PREFIX_HEADER = YES;
				GCC_PREFIX_HEADER = App/Prefix.pch;
				INFOPLIST_FILE = App/Info.plist;
				PRODUCT_NAME = "$(TARGET_NAME)";
				VERSIONING_SYSTEM = "apple-generic";
				WRAPPER_EXTENSION = app;
			};
			name = Debug;
		};
		27B28FD014314FB900B86F18 /* Release */ = {
			isa = XCBuildConfiguration;
			buildSettings = {
				CURRENT_PROJECT_VERSION = 103;
				FRAMEWORK_SEARCH_PATHS = (
					"$(inherited)",
					"\"$(SRCROOT)/Frameworks\"",
				);
				GCC_PRECOMPILE_PREFIX_HEADER = YES;
				GCC_PREFIX_HEADER = App/Prefix.pch;
				INFOPLIST_FILE = App/Info.plist;
				PRODUCT_NAME = "$(TARGET_NAME)";
				VERSIONING_SYSTEM = "apple-generic";
				WRAPPER_EXTENSION = app;
			};
			name = Release;
		};
/* End XCBuildConfiguration section */

/* Begin XCConfigurationList section */
		27B28F9B14314FB800B86F18 /* Build configuration list for PBXProject "Worker Bee" */ = {
			isa = XCConfigurationList;
			buildConfigurations = (
				27B28FCC14314FB900B86F18 /* Debug */,
				27B28FCD14314FB900B86F18 /* Release */,
			);
			defaultConfigurationIsVisible = 0;
			defaultConfigurationName = Release;
		};
		27B28FCE14314FB900B86F18 /* Build configuration list for PBXNativeTarget "Worker Bee" */ = {
			isa = XCConfigurationList;
			buildConfigurations = (
				27B28FCF14314FB900B86F18 /* Debug */,
				27B28FD014314FB900B86F18 /* Release */,
			);
			defaultConfigurationIsVisible = 0;
			defaultConfigurationName = Release;
		};
/* End XCConfigurationList section */
	};
	rootObject = 27B28F9814314FB800B86F18 /* Project object */;
}
